Microsoft Visual Studio Solution File, Format Version 12.00
# Visual Studio Version 16
VisualStudioVersion = 16.0.29411.108
MinimumVisualStudioVersion = 15.0.26124.0
Project("{9A19103F-16F7-4668-BE54-9A1E7A4F7556}") = "Api", "Api\Api.csproj", "{A6E10717-1B8B-40EA-B497-50EC91F73B15}"
EndProject
Project("{9A19103F-16F7-4668-BE54-9A1E7A4F7556}") = "IdentityServer", "IdentityServer\IdentityServer.csproj", "{FD8CD573-5FB2-4AA6-8D5F-09AB95DE8B04}"
EndProject
Global
	GlobalSection(SolutionConfigurationPlatforms) = preSolution
		Debug|Any CPU = Debug|Any CPU
		Debug|x64 = Debug|x64
		Debug|x86 = Debug|x86
		Release|Any CPU = Release|Any CPU
		Release|x64 = Release|x64
		Release|x86 = Release|x86
	EndGlobalSection
	GlobalSection(ProjectConfigurationPlatforms) = postSolution
		{A6E10717-1B8B-40EA-B497-50EC91F73B15}.Debug|Any CPU.ActiveCfg = Debug|Any CPU
		{A6E10717-1B8B-40EA-B497-50EC91F73B15}.Debug|Any CPU.Build.0 = Debug|Any CPU
		{A6E10717-1B8B-40EA-B497-50EC91F73B15}.Debug|x64.ActiveCfg = Debug|Any CPU
		{A6E10717-1B8B-40EA-B497-50EC91F73B15}.Debug|x64.Build.0 = Debug|Any CPU
		{A6E10717-1B8B-40EA-B497-50EC91F73B15}.Debug|x86.ActiveCfg = Debug|Any CPU
		{A6E10717-1B8B-40EA-B497-50EC91F73B15}.Debug|x86.Build.0 = Debug|Any CPU
		{A6E10717-1B8B-40EA-B497-50EC91F73B15}.Release|Any CPU.ActiveCfg = Release|Any CPU
		{A6E10717-1B8B-40EA-B497-50EC91F73B15}.Release|Any CPU.Build.0 = Release|Any CPU
		{A6E10717-1B8B-40EA-B497-50EC91F73B15}.Release|x64.ActiveCfg = Release|Any CPU
		{A6E10717-1B8B-40EA-B497-50EC91F73B15}.Release|x64.Build.0 = Release|Any CPU
		{A6E10717-1B8B-40EA-B497-50EC91F73B15}.Release|x86.ActiveCfg = Release|Any CPU
		{A6E10717-1B8B-40EA-B497-50EC91F73B15}.Release|x86.Build.0 = Release|Any CPU
		{FD8CD573-5FB2-4AA6-8D5F-09AB95DE8B04}.Debug|Any CPU.ActiveCfg = Debug|Any CPU
		{FD8CD573-5FB2-4AA6-8D5F-09AB95DE8B04}.Debug|Any CPU.Build.0 = Debug|Any CPU
		{FD8CD573-5FB2-4AA6-8D5F-09AB95DE8B04}.Debug|x64.ActiveCfg = Debug|Any CPU
		{FD8CD573-5FB2-4AA6-8D5F-09AB95DE8B04}.Debug|x64.Build.0 = Debug|Any CPU
		{FD8CD573-5FB2-4AA6-8D5F-09AB95DE8B04}.Debug|x86.ActiveCfg = Debug|Any CPU
		{FD8CD573-5FB2-4AA6-8D5F-09AB95DE8B04}.Debug|x86.Build.0 = Debug|Any CPU
		{FD8CD573-5FB2-4AA6-8D5F-09AB95DE8B04}.Release|Any CPU.ActiveCfg = Release|Any CPU
		{FD8CD573-5FB2-4AA6-8D5F-09AB95DE8B04}.Release|Any CPU.Build.0 = Release|Any CPU
		{FD8CD573-5FB2-4AA6-8D5F-09AB95DE8B04}.Release|x64.ActiveCfg = Release|Any CPU
		{FD8CD573-5FB2-4AA6-8D5F-09AB95DE8B04}.Release|x64.Build.0 = Release|Any CPU
		{FD8CD573-5FB2-4AA6-8D5F-09AB95DE8B04}.Release|x86.ActiveCfg = Release|Any CPU
		{FD8CD573-5FB2-4AA6-8D5F-09AB95DE8B04}.Release|x86.Build.0 = Release|Any CPU
	EndGlobalSection
	GlobalSection(SolutionProperties) = preSolution
		HideSolutionNode = FALSE
	EndGlobalSection
	GlobalSection(ExtensibilityGlobals) = postSolution
		SolutionGuid = {CDE88CA6-FF35-4A3A-85E3-60F82B4F17DB}
	EndGlobalSection
EndGlobal
